
Microsoft Visual Studio Solution File, Format Version 12.00
# Visual Studio Version 17
VisualStudioVersion = 17.9.34728.123
MinimumVisualStudioVersion = 10.0.40219.1
Project("{FAE04EC0-301F-11D3-BF4B-00C04F79EFBC}") = "ApiWIthJWTAuth", "ApiWIthJWTAuth\ApiWIthJWTAuth.csproj", "{AF774B4C-F888-45B0-B995-9AC3ED7000F6}"
EndProject
Project("{FAE04EC0-301F-11D3-BF4B-00C04F79EFBC}") = "Sharedlaibary", "Sharedlaibary\Sharedlaibary.csproj", "{5397A517-860F-4731-B101-165FB9A3A9FA}"
EndProject
Global
	GlobalSection(SolutionConfigurationPlatforms) = preSolution
		Debug|Any CPU = Debug|Any CPU
		Release|Any CPU = Release|Any CPU
	EndGlobalSection
	GlobalSection(ProjectConfigurationPlatforms) = postSolution
		{AF774B4C-F888-45B0-B995-9AC3ED7000F6}.Debug|Any CPU.ActiveCfg = Debug|Any CPU
		{AF774B4C-F888-45B0-B995-9AC3ED7000F6}.Debug|Any CPU.Build.0 = Debug|Any CPU
		{AF774B4C-F888-45B0-B995-9AC3ED7000F6}.Release|Any CPU.ActiveCfg = Release|Any CPU
		{AF774B4C-F888-45B0-B995-9AC3ED7000F6}.Release|Any CPU.Build.0 = Release|Any CPU
		{5397A517-860F-4731-B101-165FB9A3A9FA}.Debug|Any CPU.ActiveCfg = Debug|Any CPU
		{5397A517-860F-4731-B101-165FB9A3A9FA}.Debug|Any CPU.Build.0 = Debug|Any CPU
		{5397A517-860F-4731-B101-165FB9A3A9FA}.Release|Any CPU.ActiveCfg = Release|Any CPU
		{5397A517-860F-4731-B101-165FB9A3A9FA}.Release|Any CPU.Build.0 = Release|Any CPU
	EndGlobalSection
	GlobalSection(SolutionProperties) = preSolution
		HideSolutionNode = FALSE
	EndGlobalSection
	GlobalSection(ExtensibilityGlobals) = postSolution
		SolutionGuid = {9389EAAA-63C7-4840-A6F0-6E3A8AE697CC}
	EndGlobalSection
EndGlobal
